
Microsoft Visual Studio Solution File, Format Version 12.00
# Visual Studio 2012
Project("{FAE04EC0-301F-11D3-BF4B-00C04F79EFBC}") = "StockSystem", "StockSystem\StockSystem.csproj", "{938C841C-294C-4899-B173-3651A7E89D79}"
EndProject
Project("{FAE04EC0-301F-11D3-BF4B-00C04F79EFBC}") = "StockSystem.DataAccess", "StockSystem.DataAccess\StockSystem.DataAccess.csproj", "{6C64E577-F9AB-4A76-9BE5-3B0A21384261}"
EndProject
Project("{FAE04EC0-301F-11D3-BF4B-00C04F79EFBC}") = "StockSystem.Models", "StockSystem.Models\StockSystem.Models.csproj", "{6E2BACD6-83D1-469F-8A62-B18686CC6FA4}"
EndProject
Project("{FAE04EC0-301F-11D3-BF4B-00C04F79EFBC}") = "StockSystem.Services", "StockSystem.Services\StockSystem.Services.csproj", "{2CD82A95-6F34-4B74-B33A-7CC75385AE28}"
EndProject
Project("{FAE04EC0-301F-11D3-BF4B-00C04F79EFBC}") = "BC.DataAccess", "BCDLL\BC.DataAccess\BC.DataAccess.csproj", "{2DCD2853-313D-4BF3-B8AA-461CB9168A7B}"
EndProject
Project("{FAE04EC0-301F-11D3-BF4B-00C04F79EFBC}") = "BC.Models", "BCDLL\BC.Models\BC.Models.csproj", "{59B72790-ACD3-4370-9936-CA4A506BB8A6}"
EndProject
Project("{FAE04EC0-301F-11D3-BF4B-00C04F79EFBC}") = "BC.Services", "BCDLL\BC.Services\BC.Services.csproj", "{A4D38B6E-FBC3-46EA-BE4A-5527CA5CA592}"
EndProject
Project("{6141683F-8A12-4E36-9623-2EB02B2C2303}") = "Setup", "Setup\Setup.isproj", "{1F4DC9C6-BA8D-44E9-931F-78A0DDAA773A}"
	ProjectSection(ProjectDependencies) = postProject
		{938C841C-294C-4899-B173-3651A7E89D79} = {938C841C-294C-4899-B173-3651A7E89D79}
	EndProjectSection
EndProject
Global
	GlobalSection(SolutionConfigurationPlatforms) = preSolution
		CD_ROM|Any CPU = CD_ROM|Any CPU
		CD_ROM|x64 = CD_ROM|x64
		CD_ROM|x86 = CD_ROM|x86
		Debug|Any CPU = Debug|Any CPU
		Debug|x64 = Debug|x64
		Debug|x86 = Debug|x86
		DVD-5|Any CPU = DVD-5|Any CPU
		DVD-5|x64 = DVD-5|x64
		DVD-5|x86 = DVD-5|x86
		Release|Any CPU = Release|Any CPU
		Release|x64 = Release|x64
		Release|x86 = Release|x86
		SingleImage|Any CPU = SingleImage|Any CPU
		SingleImage|x64 = SingleImage|x64
		SingleImage|x86 = SingleImage|x86
	EndGlobalSection
	GlobalSection(ProjectConfigurationPlatforms) = postSolution
		{938C841C-294C-4899-B173-3651A7E89D79}.CD_ROM|Any CPU.ActiveCfg = Release|Any CPU
		{938C841C-294C-4899-B173-3651A7E89D79}.CD_ROM|Any CPU.Build.0 = Release|Any CPU
		{938C841C-294C-4899-B173-3651A7E89D79}.CD_ROM|x64.ActiveCfg = Release|Any CPU
		{938C841C-294C-4899-B173-3651A7E89D79}.CD_ROM|x86.ActiveCfg = Release|Any CPU
		{938C841C-294C-4899-B173-3651A7E89D79}.Debug|Any CPU.ActiveCfg = Debug|Any CPU
		{938C841C-294C-4899-B173-3651A7E89D79}.Debug|Any CPU.Build.0 = Debug|Any CPU
		{938C841C-294C-4899-B173-3651A7E89D79}.Debug|x64.ActiveCfg = Debug|Any CPU
		{938C841C-294C-4899-B173-3651A7E89D79}.Debug|x86.ActiveCfg = Debug|Any CPU
		{938C841C-294C-4899-B173-3651A7E89D79}.DVD-5|Any CPU.ActiveCfg = Debug|Any CPU
		{938C841C-294C-4899-B173-3651A7E89D79}.DVD-5|Any CPU.Build.0 = Debug|Any CPU
		{938C841C-294C-4899-B173-3651A7E89D79}.DVD-5|x64.ActiveCfg = Debug|Any CPU
		{938C841C-294C-4899-B173-3651A7E89D79}.DVD-5|x86.ActiveCfg = Debug|Any CPU
		{938C841C-294C-4899-B173-3651A7E89D79}.Release|Any CPU.ActiveCfg = Release|Any CPU
		{938C841C-294C-4899-B173-3651A7E89D79}.Release|Any CPU.Build.0 = Release|Any CPU
		{938C841C-294C-4899-B173-3651A7E89D79}.Release|x64.ActiveCfg = Release|Any CPU
		{938C841C-294C-4899-B173-3651A7E89D79}.Release|x86.ActiveCfg = Release|Any CPU
		{938C841C-294C-4899-B173-3651A7E89D79}.SingleImage|Any CPU.ActiveCfg = Release|Any CPU
		{938C841C-294C-4899-B173-3651A7E89D79}.SingleImage|Any CPU.Build.0 = Release|Any CPU
		{938C841C-294C-4899-B173-3651A7E89D79}.SingleImage|x64.ActiveCfg = Release|Any CPU
		{938C841C-294C-4899-B173-3651A7E89D79}.SingleImage|x86.ActiveCfg = Release|Any CPU
		{6C64E577-F9AB-4A76-9BE5-3B0A21384261}.CD_ROM|Any CPU.ActiveCfg = Release|Any CPU
		{6C64E577-F9AB-4A76-9BE5-3B0A21384261}.CD_ROM|Any CPU.Build.0 = Release|Any CPU
		{6C64E577-F9AB-4A76-9BE5-3B0A21384261}.CD_ROM|x64.ActiveCfg = Release|Any CPU
		{6C64E577-F9AB-4A76-9BE5-3B0A21384261}.CD_ROM|x86.ActiveCfg = Release|Any CPU
		{6C64E577-F9AB-4A76-9BE5-3B0A21384261}.Debug|Any CPU.ActiveCfg = Debug|Any CPU
		{6C64E577-F9AB-4A76-9BE5-3B0A21384261}.Debug|Any CPU.Build.0 = Debug|Any CPU
		{6C64E577-F9AB-4A76-9BE5-3B0A21384261}.Debug|x64.ActiveCfg = Debug|Any CPU
		{6C64E577-F9AB-4A76-9BE5-3B0A21384261}.Debug|x86.ActiveCfg = Debug|Any CPU
		{6C64E577-F9AB-4A76-9BE5-3B0A21384261}.DVD-5|Any CPU.ActiveCfg = Debug|Any CPU
		{6C64E577-F9AB-4A76-9BE5-3B0A21384261}.DVD-5|Any CPU.Build.0 = Debug|Any CPU
		{6C64E577-F9AB-4A76-9BE5-3B0A21384261}.DVD-5|x64.ActiveCfg = Debug|Any CPU
		{6C64E577-F9AB-4A76-9BE5-3B0A21384261}.DVD-5|x86.ActiveCfg = Debug|Any CPU
		{6C64E577-F9AB-4A76-9BE5-3B0A21384261}.Release|Any CPU.ActiveCfg = Release|Any CPU
		{6C64E577-F9AB-4A76-9BE5-3B0A21384261}.Release|Any CPU.Build.0 = Release|Any CPU
		{6C64E577-F9AB-4A76-9BE5-3B0A21384261}.Release|x64.ActiveCfg = Release|Any CPU
		{6C64E577-F9AB-4A76-9BE5-3B0A21384261}.Release|x86.ActiveCfg = Release|Any CPU
		{6C64E577-F9AB-4A76-9BE5-3B0A21384261}.SingleImage|Any CPU.ActiveCfg = Release|Any CPU
		{6C64E577-F9AB-4A76-9BE5-3B0A21384261}.SingleImage|Any CPU.Build.0 = Release|Any CPU
		{6C64E577-F9AB-4A76-9BE5-3B0A21384261}.SingleImage|x64.ActiveCfg = Release|Any CPU
		{6C64E577-F9AB-4A76-9BE5-3B0A21384261}.SingleImage|x86.ActiveCfg = Release|Any CPU
		{6E2BACD6-83D1-469F-8A62-B18686CC6FA4}.CD_ROM|Any CPU.ActiveCfg = Release|Any CPU
		{6E2BACD6-83D1-469F-8A62-B18686CC6FA4}.CD_ROM|Any CPU.Build.0 = Release|Any CPU
		{6E2BACD6-83D1-469F-8A62-B18686CC6FA4}.CD_ROM|x64.ActiveCfg = Release|Any CPU
		{6E2BACD6-83D1-469F-8A62-B18686CC6FA4}.CD_ROM|x86.ActiveCfg = Release|Any CPU
		{6E2BACD6-83D1-469F-8A62-B18686CC6FA4}.Debug|Any CPU.ActiveCfg = Debug|Any CPU
		{6E2BACD6-83D1-469F-8A62-B18686CC6FA4}.Debug|Any CPU.Build.0 = Debug|Any CPU
		{6E2BACD6-83D1-469F-8A62-B18686CC6FA4}.Debug|x64.ActiveCfg = Debug|Any CPU
		{6E2BACD6-83D1-469F-8A62-B18686CC6FA4}.Debug|x86.ActiveCfg = Debug|Any CPU
		{6E2BACD6-83D1-469F-8A62-B18686CC6FA4}.DVD-5|Any CPU.ActiveCfg = Debug|Any CPU
		{6E2BACD6-83D1-469F-8A62-B18686CC6FA4}.DVD-5|Any CPU.Build.0 = Debug|Any CPU
		{6E2BACD6-83D1-469F-8A62-B18686CC6FA4}.DVD-5|x64.ActiveCfg = Debug|Any CPU
		{6E2BACD6-83D1-469F-8A62-B18686CC6FA4}.DVD-5|x86.ActiveCfg = Debug|Any CPU
		{6E2BACD6-83D1-469F-8A62-B18686CC6FA4}.Release|Any CPU.ActiveCfg = Release|Any CPU
		{6E2BACD6-83D1-469F-8A62-B18686CC6FA4}.Release|Any CPU.Build.0 = Release|Any CPU
		{6E2BACD6-83D1-469F-8A62-B18686CC6FA4}.Release|x64.ActiveCfg = Release|Any CPU
		{6E2BACD6-83D1-469F-8A62-B18686CC6FA4}.Release|x86.ActiveCfg = Release|Any CPU
		{6E2BACD6-83D1-469F-8A62-B18686CC6FA4}.SingleImage|Any CPU.ActiveCfg = Release|Any CPU
		{6E2BACD6-83D1-469F-8A62-B18686CC6FA4}.SingleImage|Any CPU.Build.0 = Release|Any CPU
		{6E2BACD6-83D1-469F-8A62-B18686CC6FA4}.SingleImage|x64.ActiveCfg = Release|Any CPU
		{6E2BACD6-83D1-469F-8A62-B18686CC6FA4}.SingleImage|x86.ActiveCfg = Release|Any CPU
		{2CD82A95-6F34-4B74-B33A-7CC75385AE28}.CD_ROM|Any CPU.ActiveCfg = Release|Any CPU
		{2CD82A95-6F34-4B74-B33A-7CC75385AE28}.CD_ROM|Any CPU.Build.0 = Release|Any CPU
		{2CD82A95-6F34-4B74-B33A-7CC75385AE28}.CD_ROM|x64.ActiveCfg = Release|Any CPU
		{2CD82A95-6F34-4B74-B33A-7CC75385AE28}.CD_ROM|x86.ActiveCfg = Release|Any CPU
		{2CD82A95-6F34-4B74-B33A-7CC75385AE28}.Debug|Any CPU.ActiveCfg = Debug|Any CPU
		{2CD82A95-6F34-4B74-B33A-7CC75385AE28}.Debug|Any CPU.Build.0 = Debug|Any CPU
		{2CD82A95-6F34-4B74-B33A-7CC75385AE28}.Debug|x64.ActiveCfg = Debug|Any CPU
		{2CD82A95-6F34-4B74-B33A-7CC75385AE28}.Debug|x86.ActiveCfg = Debug|Any CPU
		{2CD82A95-6F34-4B74-B33A-7CC75385AE28}.DVD-5|Any CPU.ActiveCfg = Debug|Any CPU
		{2CD82A95-6F34-4B74-B33A-7CC75385AE28}.DVD-5|Any CPU.Build.0 = Debug|Any CPU
		{2CD82A95-6F34-4B74-B33A-7CC75385AE28}.DVD-5|x64.ActiveCfg = Debug|Any CPU
		{2CD82A95-6F34-4B74-B33A-7CC75385AE28}.DVD-5|x86.ActiveCfg = Debug|Any CPU
		{2CD82A95-6F34-4B74-B33A-7CC75385AE28}.Release|Any CPU.ActiveCfg = Release|Any CPU
		{2CD82A95-6F34-4B74-B33A-7CC75385AE28}.Release|Any CPU.Build.0 = Release|Any CPU
		{2CD82A95-6F34-4B74-B33A-7CC75385AE28}.Release|x64.ActiveCfg = Release|Any CPU
		{2CD82A95-6F34-4B74-B33A-7CC75385AE28}.Release|x86.ActiveCfg = Release|Any CPU
		{2CD82A95-6F34-4B74-B33A-7CC75385AE28}.SingleImage|Any CPU.ActiveCfg = Release|Any CPU
		{2CD82A95-6F34-4B74-B33A-7CC75385AE28}.SingleImage|Any CPU.Build.0 = Release|Any CPU
		{2CD82A95-6F34-4B74-B33A-7CC75385AE28}.SingleImage|x64.ActiveCfg = Release|Any CPU
		{2CD82A95-6F34-4B74-B33A-7CC75385AE28}.SingleImage|x86.ActiveCfg = Release|Any CPU
		{2DCD2853-313D-4BF3-B8AA-461CB9168A7B}.CD_ROM|Any CPU.ActiveCfg = Release|Any CPU
		{2DCD2853-313D-4BF3-B8AA-461CB9168A7B}.CD_ROM|Any CPU.Build.0 = Release|Any CPU
		{2DCD2853-313D-4BF3-B8AA-461CB9168A7B}.CD_ROM|x64.ActiveCfg = Release|x64
		{2DCD2853-313D-4BF3-B8AA-461CB9168A7B}.CD_ROM|x64.Build.0 = Release|x64
		{2DCD2853-313D-4BF3-B8AA-461CB9168A7B}.CD_ROM|x86.ActiveCfg = Release|x86
		{2DCD2853-313D-4BF3-B8AA-461CB9168A7B}.CD_ROM|x86.Build.0 = Release|x86
		{2DCD2853-313D-4BF3-B8AA-461CB9168A7B}.Debug|Any CPU.ActiveCfg = Debug|Any CPU
		{2DCD2853-313D-4BF3-B8AA-461CB9168A7B}.Debug|Any CPU.Build.0 = Debug|Any CPU
		{2DCD2853-313D-4BF3-B8AA-461CB9168A7B}.Debug|x64.ActiveCfg = Debug|x64
		{2DCD2853-313D-4BF3-B8AA-461CB9168A7B}.Debug|x64.Build.0 = Debug|x64
		{2DCD2853-313D-4BF3-B8AA-461CB9168A7B}.Debug|x86.ActiveCfg = Debug|x86
		{2DCD2853-313D-4BF3-B8AA-461CB9168A7B}.Debug|x86.Build.0 = Debug|x86
		{2DCD2853-313D-4BF3-B8AA-461CB9168A7B}.DVD-5|Any CPU.ActiveCfg = Debug|Any CPU
		{2DCD2853-313D-4BF3-B8AA-461CB9168A7B}.DVD-5|Any CPU.Build.0 = Debug|Any CPU
		{2DCD2853-313D-4BF3-B8AA-461CB9168A7B}.DVD-5|x64.ActiveCfg = Debug|x64
		{2DCD2853-313D-4BF3-B8AA-461CB9168A7B}.DVD-5|x64.Build.0 = Debug|x64
		{2DCD2853-313D-4BF3-B8AA-461CB9168A7B}.DVD-5|x86.ActiveCfg = Debug|x86
		{2DCD2853-313D-4BF3-B8AA-461CB9168A7B}.DVD-5|x86.Build.0 = Debug|x86
		{2DCD2853-313D-4BF3-B8AA-461CB9168A7B}.Release|Any CPU.ActiveCfg = Release|Any CPU
		{2DCD2853-313D-4BF3-B8AA-461CB9168A7B}.Release|Any CPU.Build.0 = Release|Any CPU
		{2DCD2853-313D-4BF3-B8AA-461CB9168A7B}.Release|x64.ActiveCfg = Release|x64
		{2DCD2853-313D-4BF3-B8AA-461CB9168A7B}.Release|x64.Build.0 = Release|x64
		{2DCD2853-313D-4BF3-B8AA-461CB9168A7B}.Release|x86.ActiveCfg = Release|x86
		{2DCD2853-313D-4BF3-B8AA-461CB9168A7B}.Release|x86.Build.0 = Release|x86
		{2DCD2853-313D-4BF3-B8AA-461CB9168A7B}.SingleImage|Any CPU.ActiveCfg = Release|Any CPU
		{2DCD2853-313D-4BF3-B8AA-461CB9168A7B}.SingleImage|Any CPU.Build.0 = Release|Any CPU
		{2DCD2853-313D-4BF3-B8AA-461CB9168A7B}.SingleImage|x64.ActiveCfg = Release|x64
		{2DCD2853-313D-4BF3-B8AA-461CB9168A7B}.SingleImage|x64.Build.0 = Release|x64
		{2DCD2853-313D-4BF3-B8AA-461CB9168A7B}.SingleImage|x86.ActiveCfg = Release|x86
		{2DCD2853-313D-4BF3-B8AA-461CB9168A7B}.SingleImage|x86.Build.0 = Release|x86
		{59B72790-ACD3-4370-9936-CA4A506BB8A6}.CD_ROM|Any CPU.ActiveCfg = Release|Any CPU
		{59B72790-ACD3-4370-9936-CA4A506BB8A6}.CD_ROM|Any CPU.Build.0 = Release|Any CPU
		{59B72790-ACD3-4370-9936-CA4A506BB8A6}.CD_ROM|x64.ActiveCfg = Release|x64
		{59B72790-ACD3-4370-9936-CA4A506BB8A6}.CD_ROM|x64.Build.0 = Release|x64
		{59B72790-ACD3-4370-9936-CA4A506BB8A6}.CD_ROM|x86.ActiveCfg = Release|x86
		{59B72790-ACD3-4370-9936-CA4A506BB8A6}.CD_ROM|x86.Build.0 = Release|x86
		{59B72790-ACD3-4370-9936-CA4A506BB8A6}.Debug|Any CPU.ActiveCfg = Debug|Any CPU
		{59B72790-ACD3-4370-9936-CA4A506BB8A6}.Debug|Any CPU.Build.0 = Debug|Any CPU
		{59B72790-ACD3-4370-9936-CA4A506BB8A6}.Debug|x64.ActiveCfg = Debug|x64
		{59B72790-ACD3-4370-9936-CA4A506BB8A6}.Debug|x64.Build.0 = Debug|x64
		{59B72790-ACD3-4370-9936-CA4A506BB8A6}.Debug|x86.ActiveCfg = Debug|x86
		{59B72790-ACD3-4370-9936-CA4A506BB8A6}.Debug|x86.Build.0 = Debug|x86
		{59B72790-ACD3-4370-9936-CA4A506BB8A6}.DVD-5|Any CPU.ActiveCfg = Debug|Any CPU
		{59B72790-ACD3-4370-9936-CA4A506BB8A6}.DVD-5|Any CPU.Build.0 = Debug|Any CPU
		{59B72790-ACD3-4370-9936-CA4A506BB8A6}.DVD-5|x64.ActiveCfg = Debug|x64
		{59B72790-ACD3-4370-9936-CA4A506BB8A6}.DVD-5|x64.Build.0 = Debug|x64
		{59B72790-ACD3-4370-9936-CA4A506BB8A6}.DVD-5|x86.ActiveCfg = Debug|x86
		{59B72790-ACD3-4370-9936-CA4A506BB8A6}.DVD-5|x86.Build.0 = Debug|x86
		{59B72790-ACD3-4370-9936-CA4A506BB8A6}.Release|Any CPU.ActiveCfg = Release|Any CPU
		{59B72790-ACD3-4370-9936-CA4A506BB8A6}.Release|Any CPU.Build.0 = Release|Any CPU
		{59B72790-ACD3-4370-9936-CA4A506BB8A6}.Release|x64.ActiveCfg = Release|x64
		{59B72790-ACD3-4370-9936-CA4A506BB8A6}.Release|x64.Build.0 = Release|x64
		{59B72790-ACD3-4370-9936-CA4A506BB8A6}.Release|x86.ActiveCfg = Release|x86
		{59B72790-ACD3-4370-9936-CA4A506BB8A6}.Release|x86.Build.0 = Release|x86
		{59B72790-ACD3-4370-9936-CA4A506BB8A6}.SingleImage|Any CPU.ActiveCfg = Release|Any CPU
		{59B72790-ACD3-4370-9936-CA4A506BB8A6}.SingleImage|Any CPU.Build.0 = Release|Any CPU
		{59B72790-ACD3-4370-9936-CA4A506BB8A6}.SingleImage|x64.ActiveCfg = Release|x64
		{59B72790-ACD3-4370-9936-CA4A506BB8A6}.SingleImage|x64.Build.0 = Release|x64
		{59B72790-ACD3-4370-9936-CA4A506BB8A6}.SingleImage|x86.ActiveCfg = Release|x86
		{59B72790-ACD3-4370-9936-CA4A506BB8A6}.SingleImage|x86.Build.0 = Release|x86
		{A4D38B6E-FBC3-46EA-BE4A-5527CA5CA592}.CD_ROM|Any CPU.ActiveCfg = Release|Any CPU
		{A4D38B6E-FBC3-46EA-BE4A-5527CA5CA592}.CD_ROM|Any CPU.Build.0 = Release|Any CPU
		{A4D38B6E-FBC3-46EA-BE4A-5527CA5CA592}.CD_ROM|x64.ActiveCfg = Release|x64
		{A4D38B6E-FBC3-46EA-BE4A-5527CA5CA592}.CD_ROM|x64.Build.0 = Release|x64
		{A4D38B6E-FBC3-46EA-BE4A-5527CA5CA592}.CD_ROM|x86.ActiveCfg = Release|x86
		{A4D38B6E-FBC3-46EA-BE4A-5527CA5CA592}.CD_ROM|x86.Build.0 = Release|x86
		{A4D38B6E-FBC3-46EA-BE4A-5527CA5CA592}.Debug|Any CPU.ActiveCfg = Debug|Any CPU
		{A4D38B6E-FBC3-46EA-BE4A-5527CA5CA592}.Debug|Any CPU.Build.0 = Debug|Any CPU
		{A4D38B6E-FBC3-46EA-BE4A-5527CA5CA592}.Debug|x64.ActiveCfg = Debug|x64
		{A4D38B6E-FBC3-46EA-BE4A-5527CA5CA592}.Debug|x64.Build.0 = Debug|x64
		{A4D38B6E-FBC3-46EA-BE4A-5527CA5CA592}.Debug|x86.ActiveCfg = Debug|x86
		{A4D38B6E-FBC3-46EA-BE4A-5527CA5CA592}.Debug|x86.Build.0 = Debug|x86
		{A4D38B6E-FBC3-46EA-BE4A-5527CA5CA592}.DVD-5|Any CPU.ActiveCfg = Debug|Any CPU
		{A4D38B6E-FBC3-46EA-BE4A-5527CA5CA592}.DVD-5|Any CPU.Build.0 = Debug|Any CPU
		{A4D38B6E-FBC3-46EA-BE4A-5527CA5CA592}.DVD-5|x64.ActiveCfg = Debug|x64
		{A4D38B6E-FBC3-46EA-BE4A-5527CA5CA592}.DVD-5|x64.Build.0 = Debug|x64
		{A4D38B6E-FBC3-46EA-BE4A-5527CA5CA592}.DVD-5|x86.ActiveCfg = Debug|x86
		{A4D38B6E-FBC3-46EA-BE4A-5527CA5CA592}.DVD-5|x86.Build.0 = Debug|x86
		{A4D38B6E-FBC3-46EA-BE4A-5527CA5CA592}.Release|Any CPU.ActiveCfg = Release|Any CPU
		{A4D38B6E-FBC3-46EA-BE4A-5527CA5CA592}.Release|Any CPU.Build.0 = Release|Any CPU
		{A4D38B6E-FBC3-46EA-BE4A-5527CA5CA592}.Release|x64.ActiveCfg = Release|x64
		{A4D38B6E-FBC3-46EA-BE4A-5527CA5CA592}.Release|x64.Build.0 = Release|x64
		{A4D38B6E-FBC3-46EA-BE4A-5527CA5CA592}.Release|x86.ActiveCfg = Release|x86
		{A4D38B6E-FBC3-46EA-BE4A-5527CA5CA592}.Release|x86.Build.0 = Release|x86
		{A4D38B6E-FBC3-46EA-BE4A-5527CA5CA592}.SingleImage|Any CPU.ActiveCfg = Release|Any CPU
		{A4D38B6E-FBC3-46EA-BE4A-5527CA5CA592}.SingleImage|Any CPU.Build.0 = Release|Any CPU
		{A4D38B6E-FBC3-46EA-BE4A-5527CA5CA592}.SingleImage|x64.ActiveCfg = Release|x64
		{A4D38B6E-FBC3-46EA-BE4A-5527CA5CA592}.SingleImage|x64.Build.0 = Release|x64
		{A4D38B6E-FBC3-46EA-BE4A-5527CA5CA592}.SingleImage|x86.ActiveCfg = Release|x86
		{A4D38B6E-FBC3-46EA-BE4A-5527CA5CA592}.SingleImage|x86.Build.0 = Release|x86
		{1F4DC9C6-BA8D-44E9-931F-78A0DDAA773A}.CD_ROM|Any CPU.ActiveCfg = CD_ROM
		{1F4DC9C6-BA8D-44E9-931F-78A0DDAA773A}.CD_ROM|Any CPU.Build.0 = CD_ROM
		{1F4DC9C6-BA8D-44E9-931F-78A0DDAA773A}.CD_ROM|x64.ActiveCfg = CD_ROM
		{1F4DC9C6-BA8D-44E9-931F-78A0DDAA773A}.CD_ROM|x64.Build.0 = CD_ROM
		{1F4DC9C6-BA8D-44E9-931F-78A0DDAA773A}.CD_ROM|x86.ActiveCfg = CD_ROM
		{1F4DC9C6-BA8D-44E9-931F-78A0DDAA773A}.CD_ROM|x86.Build.0 = CD_ROM
		{1F4DC9C6-BA8D-44E9-931F-78A0DDAA773A}.Debug|Any CPU.ActiveCfg = DVD-5
		{1F4DC9C6-BA8D-44E9-931F-78A0DDAA773A}.Debug|Any CPU.Build.0 = DVD-5
		{1F4DC9C6-BA8D-44E9-931F-78A0DDAA773A}.Debug|x64.ActiveCfg = DVD-5
		{1F4DC9C6-BA8D-44E9-931F-78A0DDAA773A}.Debug|x64.Build.0 = DVD-5
		{1F4DC9C6-BA8D-44E9-931F-78A0DDAA773A}.Debug|x86.ActiveCfg = DVD-5
		{1F4DC9C6-BA8D-44E9-931F-78A0DDAA773A}.Debug|x86.Build.0 = DVD-5
		{1F4DC9C6-BA8D-44E9-931F-78A0DDAA773A}.DVD-5|Any CPU.ActiveCfg = DVD-5
		{1F4DC9C6-BA8D-44E9-931F-78A0DDAA773A}.DVD-5|Any CPU.Build.0 = DVD-5
		{1F4DC9C6-BA8D-44E9-931F-78A0DDAA773A}.DVD-5|x64.ActiveCfg = DVD-5
		{1F4DC9C6-BA8D-44E9-931F-78A0DDAA773A}.DVD-5|x64.Build.0 = DVD-5
		{1F4DC9C6-BA8D-44E9-931F-78A0DDAA773A}.DVD-5|x86.ActiveCfg = DVD-5
		{1F4DC9C6-BA8D-44E9-931F-78A0DDAA773A}.DVD-5|x86.Build.0 = DVD-5
		{1F4DC9C6-BA8D-44E9-931F-78A0DDAA773A}.Release|Any CPU.ActiveCfg = SingleImage
		{1F4DC9C6-BA8D-44E9-931F-78A0DDAA773A}.Release|Any CPU.Build.0 = SingleImage
		{1F4DC9C6-BA8D-44E9-931F-78A0DDAA773A}.Release|x64.ActiveCfg = SingleImage
		{1F4DC9C6-BA8D-44E9-931F-78A0DDAA773A}.Release|x64.Build.0 = SingleImage
		{1F4DC9C6-BA8D-44E9-931F-78A0DDAA773A}.Release|x86.ActiveCfg = SingleImage
		{1F4DC9C6-BA8D-44E9-931F-78A0DDAA773A}.Release|x86.Build.0 = SingleImage
		{1F4DC9C6-BA8D-44E9-931F-78A0DDAA773A}.SingleImage|Any CPU.ActiveCfg = SingleImage
		{1F4DC9C6-BA8D-44E9-931F-78A0DDAA773A}.SingleImage|Any CPU.Build.0 = SingleImage
		{1F4DC9C6-BA8D-44E9-931F-78A0DDAA773A}.SingleImage|x64.ActiveCfg = SingleImage
		{1F4DC9C6-BA8D-44E9-931F-78A0DDAA773A}.SingleImage|x64.Build.0 = SingleImage
		{1F4DC9C6-BA8D-44E9-931F-78A0DDAA773A}.SingleImage|x86.ActiveCfg = SingleImage
		{1F4DC9C6-BA8D-44E9-931F-78A0DDAA773A}.SingleImage|x86.Build.0 = SingleImage
	EndGlobalSection
	GlobalSection(SolutionProperties) = preSolution
		HideSolutionNode = FALSE
	EndGlobalSection
EndGlobal
